
Microsoft Visual Studio Solution File, Format Version 12.00
# Visual Studio Version 16
VisualStudioVersion = 16.0.31112.23
MinimumVisualStudioVersion = 10.0.40219.1
Project("{FAE04EC0-301F-11D3-BF4B-00C04F79EFBC}") = "libGis", "libGis.csproj", "{C720EBE6-4B01-4D03-9AFA-8BCCB518F53E}"
EndProject
Global
	GlobalSection(SolutionConfigurationPlatforms) = preSolution
		Debug|Any CPU = Debug|Any CPU
		Release|Any CPU = Release|Any CPU
	EndGlobalSection
	GlobalSection(ProjectConfigurationPlatforms) = postSolution
		{C720EBE6-4B01-4D03-9AFA-8BCCB518F53E}.Debug|Any CPU.ActiveCfg = Debug|Any CPU
		{C720EBE6-4B01-4D03-9AFA-8BCCB518F53E}.Debug|Any CPU.Build.0 = Debug|Any CPU
		{C720EBE6-4B01-4D03-9AFA-8BCCB518F53E}.Release|Any CPU.ActiveCfg = Release|Any CPU
		{C720EBE6-4B01-4D03-9AFA-8BCCB518F53E}.Release|Any CPU.Build.0 = Release|Any CPU
	EndGlobalSection
	GlobalSection(SolutionProperties) = preSolution
		HideSolutionNode = FALSE
	EndGlobalSection
	GlobalSection(ExtensibilityGlobals) = postSolution
		SolutionGuid = {FF791534-C9B4-4E7D-A869-1A66915F7213}
	EndGlobalSection
EndGlobal
